
Microsoft Visual Studio Solution File, Format Version 12.00
# Visual Studio Version 17
VisualStudioVersion = 17.3.32819.101
MinimumVisualStudioVersion = 10.0.40219.1
Project("{FAE04EC0-301F-11D3-BF4B-00C04F79EFBC}") = "AuthenticationApp", "AuthenticationApp\AuthenticationApp.csproj", "{2A26281F-11F4-4070-991E-763A8CDC0B2C}"
EndProject
Global
	GlobalSection(SolutionConfigurationPlatforms) = preSolution
		Debug|Any CPU = Debug|Any CPU
		Release|Any CPU = Release|Any CPU
	EndGlobalSection
	GlobalSection(ProjectConfigurationPlatforms) = postSolution
		{2A26281F-11F4-4070-991E-763A8CDC0B2C}.Debug|Any CPU.ActiveCfg = Debug|Any CPU
		{2A26281F-11F4-4070-991E-763A8CDC0B2C}.Debug|Any CPU.Build.0 = Debug|Any CPU
		{2A26281F-11F4-4070-991E-763A8CDC0B2C}.Release|Any CPU.ActiveCfg = Release|Any CPU
		{2A26281F-11F4-4070-991E-763A8CDC0B2C}.Release|Any CPU.Build.0 = Release|Any CPU
	EndGlobalSection
	GlobalSection(SolutionProperties) = preSolution
		HideSolutionNode = FALSE
	EndGlobalSection
	GlobalSection(ExtensibilityGlobals) = postSolution
		SolutionGuid = {4C89CDD8-7910-4044-8C60-B0B457AC2565}
	EndGlobalSection
EndGlobal
